// !$*UTF8*$!
{
	archiveVersion = 1;
	classes = {
	};
	objectVersion = 50;
	objects = {

/* Begin PBXBuildFile section */
		C1060B1F257FD23D00AAA090 /* AppDelegate.swift in Sources */ = {isa = PBXBuildFile; fileRef = C1060B1E257FD23D00AAA090 /* AppDelegate.swift */; };
		C1060B21257FD23D00AAA090 /* SceneDelegate.swift in Sources */ = {isa = PBXBuildFile; fileRef = C1060B20257FD23D00AAA090 /* SceneDelegate.swift */; };
		C1060B23257FD23D00AAA090 /* ViewController.swift in Sources */ = {isa = PBXBuildFile; fileRef = C1060B22257FD23D00AAA090 /* ViewController.swift */; };
		C1060B26257FD23D00AAA090 /* Main.storyboard in Resources */ = {isa = PBXBuildFile; fileRef = C1060B24257FD23D00AAA090 /* Main.storyboard */; };
		C1060B28257FD25600AAA090 /* Assets.xcassets in Resources */ = {isa = PBXBuildFile; fileRef = C1060B27257FD25600AAA090 /* Assets.xcassets */; };
		C1060B2B257FD25600AAA090 /* LaunchScreen.storyboard in Resources */ = {isa = PBXBuildFile; fileRef = C1060B29257FD25600AAA090 /* LaunchScreen.storyboard */; };
		C1060B36257FD25700AAA090 /* TeacherConnectionTests.swift in Sources */ = {isa = PBXBuildFile; fileRef = C1060B35257FD25700AAA090 /* TeacherConnectionTests.swift */; };
		C1060B41257FD25700AAA090 /* TeacherConnectionUITests.swift in Sources */ = {isa = PBXBuildFile; fileRef = C1060B40257FD25700AAA090 /* TeacherConnectionUITests.swift */; };
		C1060B52257FE14C00AAA090 /* PeopleViewController.swift in Sources */ = {isa = PBXBuildFile; fileRef = C1060B51257FE14C00AAA090 /* PeopleViewController.swift */; };
/* End PBXBuildFile section */

/* Begin PBXContainerItemProxy section */
		C1060B32257FD25700AAA090 /* PBXContainerItemProxy */ = {
			isa = PBXContainerItemProxy;
			containerPortal = C1060B13257FD23D00AAA090 /* Project object */;
			proxyType = 1;
			remoteGlobalIDString = C1060B1A257FD23D00AAA090;
			remoteInfo = TeacherConnection;
		};
		C1060B3D257FD25700AAA090 /* PBXContainerItemProxy */ = {
			isa = PBXContainerItemProxy;
			containerPortal = C1060B13257FD23D00AAA090 /* Project object */;
			proxyType = 1;
			remoteGlobalIDString = C1060B1A257FD23D00AAA090;
			remoteInfo = TeacherConnection;
		};
/* End PBXContainerItemProxy section */

/* Begin PBXFileReference section */
		C1060B1B257FD23D00AAA090 /* TeacherConnection.app */ = {isa = PBXFileReference; explicitFileType = wrapper.application; includeInIndex = 0; path = TeacherConnection.app; sourceTree = BUILT_PRODUCTS_DIR; };
		C1060B1E257FD23D00AAA090 /* AppDelegate.swift */ = {isa = PBXFileReference; lastKnownFileType = sourcecode.swift; path = AppDelegate.swift; sourceTree = "<group>"; };
		C1060B20257FD23D00AAA090 /* SceneDelegate.swift */ = {isa = PBXFileReference; lastKnownFileType = sourcecode.swift; path = SceneDelegate.swift; sourceTree = "<group>"; };
		C1060B22257FD23D00AAA090 /* ViewController.swift */ = {isa = PBXFileReference; lastKnownFileType = sourcecode.swift; path = ViewController.swift; sourceTree = "<group>"; };
		C1060B25257FD23D00AAA090 /* Base */ = {isa = PBXFileReference; lastKnownFileType = file.storyboard; name = Base; path = Base.lproj/Main.storyboard; sourceTree = "<group>"; };
		C1060B27257FD25600AAA090 /* Assets.xcassets */ = {isa = PBXFileReference; lastKnownFileType = folder.assetcatalog; path = Assets.xcassets; sourceTree = "<group>"; };
		C1060B2A257FD25600AAA090 /* Base */ = {isa = PBXFileReference; lastKnownFileType = file.storyboard; name = Base; path = Base.lproj/LaunchScreen.storyboard; sourceTree = "<group>"; };
		C1060B2C257FD25600AAA090 /* Info.plist */ = {isa = PBXFileReference; lastKnownFileType = text.plist.xml; path = Info.plist; sourceTree = "<group>"; };
		C1060B31257FD25700AAA090 /* TeacherConnectionTests.xctest */ = {isa = PBXFileReference; explicitFileType = wrapper.cfbundle; includeInIndex = 0; path = TeacherConnectionTests.xctest; sourceTree = BUILT_PRODUCTS_DIR; };
		C1060B35257FD25700AAA090 /* TeacherConnectionTests.swift */ = {isa = PBXFileReference; lastKnownFileType = sourcecode.swift; path = TeacherConnectionTests.swift; sourceTree = "<group>"; };
		C1060B37257FD25700AAA090 /* Info.plist */ = {isa = PBXFileReference; lastKnownFileType = text.plist.xml; path = Info.plist; sourceTree = "<group>"; };
		C1060B3C257FD25700AAA090 /* TeacherConnectionUITests.xctest */ = {isa = PBXFileReference; explicitFileType = wrapper.cfbundle; includeInIndex = 0; path = TeacherConnectionUITests.xctest; sourceTree = BUILT_PRODUCTS_DIR; };
		C1060B40257FD25700AAA090 /* TeacherConnectionUITests.swift */ = {isa = PBXFileReference; lastKnownFileType = sourcecode.swift; path = TeacherConnectionUITests.swift; sourceTree = "<group>"; };
		C1060B42257FD25700AAA090 /* Info.plist */ = {isa = PBXFileReference; lastKnownFileType = text.plist.xml; path = Info.plist; sourceTree = "<group>"; };
		C1060B51257FE14C00AAA090 /* PeopleViewController.swift */ = {isa = PBXFileReference; lastKnownFileType = sourcecode.swift; path = PeopleViewController.swift; sourceTree = "<group>"; };
/* End PBXFileReference section */

/* Begin PBXFrameworksBuildPhase section */
		C1060B18257FD23D00AAA090 /* Frameworks */ = {
			isa = PBXFrameworksBuildPhase;
			buildActionMask = 2147483647;
			files = (
			);
			runOnlyForDeploymentPostprocessing = 0;
		};
		C1060B2E257FD25700AAA090 /* Frameworks */ = {
			isa = PBXFrameworksBuildPhase;
			buildActionMask = 2147483647;
			files = (
			);
			runOnlyForDeploymentPostprocessing = 0;
		};
		C1060B39257FD25700AAA090 /* Frameworks */ = {
			isa = PBXFrameworksBuildPhase;
			buildActionMask = 2147483647;
			files = (
			);
			runOnlyForDeploymentPostprocessing = 0;
		};
/* End PBXFrameworksBuildPhase section */

/* Begin PBXGroup section */
		C1060B12257FD23D00AAA090 = {
			isa = PBXGroup;
			children = (
				C1060B1D257FD23D00AAA090 /* TeacherConnection */,
				C1060B34257FD25700AAA090 /* TeacherConnectionTests */,
				C1060B3F257FD25700AAA090 /* TeacherConnectionUITests */,
				C1060B1C257FD23D00AAA090 /* Products */,
			);
			sourceTree = "<group>";
		};
		C1060B1C257FD23D00AAA090 /* Products */ = {
			isa = PBXGroup;
			children = (
				C1060B1B257FD23D00AAA090 /* TeacherConnection.app */,
				C1060B31257FD25700AAA090 /* TeacherConnectionTests.xctest */,
				C1060B3C257FD25700AAA090 /* TeacherConnectionUITests.xctest */,
			);
			name = Products;
			sourceTree = "<group>";
		};
		C1060B1D257FD23D00AAA090 /* TeacherConnection */ = {
			isa = PBXGroup;
			children = (
				C1060B1E257FD23D00AAA090 /* AppDelegate.swift */,
				C1060B20257FD23D00AAA090 /* SceneDelegate.swift */,
				C1060B22257FD23D00AAA090 /* ViewController.swift */,
				C1060B24257FD23D00AAA090 /* Main.storyboard */,
				C1060B51257FE14C00AAA090 /* PeopleViewController.swift */,
				C1060B27257FD25600AAA090 /* Assets.xcassets */,
				C1060B29257FD25600AAA090 /* LaunchScreen.storyboard */,
				C1060B2C257FD25600AAA090 /* Info.plist */,
			);
			path = TeacherConnection;
			sourceTree = "<group>";
		};
		C1060B34257FD25700AAA090 /* TeacherConnectionTests */ = {
			isa = PBXGroup;
			children = (
				C1060B35257FD25700AAA090 /* TeacherConnectionTests.swift */,
				C1060B37257FD25700AAA090 /* Info.plist */,
			);
			path = TeacherConnectionTests;
			sourceTree = "<group>";
		};
		C1060B3F257FD25700AAA090 /* TeacherConnectionUITests */ = {
			isa = PBXGroup;
			children = (
				C1060B40257FD25700AAA090 /* TeacherConnectionUITests.swift */,
				C1060B42257FD25700AAA090 /* Info.plist */,
			);
			path = TeacherConnectionUITests;
			sourceTree = "<group>";
		};
/* End PBXGroup section */

/* Begin PBXNativeTarget section */
		C1060B1A257FD23D00AAA090 /* TeacherConnection */ = {
			isa = PBXNativeTarget;
			buildConfigurationList = C1060B45257FD25700AAA090 /* Build configuration list for PBXNativeTarget "TeacherConnection" */;
			buildPhases = (
				C1060B17257FD23D00AAA090 /* Sources */,
				C1060B18257FD23D00AAA090 /* Frameworks */,
				C1060B19257FD23D00AAA090 /* Resources */,
			);
			buildRules = (
			);
			dependencies = (
			);
			name = TeacherConnection;
			productName = TeacherConnection;
			productReference = C1060B1B257FD23D00AAA090 /* TeacherConnection.app */;
			productType = "com.apple.product-type.application";
		};
		C1060B30257FD25700AAA090 /* TeacherConnectionTests */ = {
			isa = PBXNativeTarget;
			buildConfigurationList = C1060B48257FD25700AAA090 /* Build configuration list for PBXNativeTarget "TeacherConnectionTests" */;
			buildPhases = (
				C1060B2D257FD25700AAA090 /* Sources */,
				C1060B2E257FD25700AAA090 /* Frameworks */,
				C1060B2F257FD25700AAA090 /* Resources */,
			);
			buildRules = (
			);
			dependencies = (
				C1060B33257FD25700AAA090 /* PBXTargetDependency */,
			);
			name = TeacherConnectionTests;
			productName = TeacherConnectionTests;
			productReference = C1060B31257FD25700AAA090 /* TeacherConnectionTests.xctest */;
			productType = "com.apple.product-type.bundle.unit-test";
		};
		C1060B3B257FD25700AAA090 /* TeacherConnectionUITests */ = {
			isa = PBXNativeTarget;
			buildConfigurationList = C1060B4B257FD25700AAA090 /* Build configuration list for PBXNativeTarget "TeacherConnectionUITests" */;
			buildPhases = (
				C1060B38257FD25700AAA090 /* Sources */,
				C1060B39257FD25700AAA090 /* Frameworks */,
				C1060B3A257FD25700AAA090 /* Resources */,
			);
			buildRules = (
			);
			dependencies = (
				C1060B3E257FD25700AAA090 /* PBXTargetDependency */,
			);
			name = TeacherConnectionUITests;
			productName = TeacherConnectionUITests;
			productReference = C1060B3C257FD25700AAA090 /* TeacherConnectionUITests.xctest */;
			productType = "com.apple.product-type.bundle.ui-testing";
		};
/* End PBXNativeTarget section */

/* Begin PBXProject section */
		C1060B13257FD23D00AAA090 /* Project object */ = {
			isa = PBXProject;
			attributes = {
				LastSwiftUpdateCheck = 1220;
				LastUpgradeCheck = 1220;
				TargetAttributes = {
					C1060B1A257FD23D00AAA090 = {
						CreatedOnToolsVersion = 12.2;
					};
					C1060B30257FD25700AAA090 = {
						CreatedOnToolsVersion = 12.2;
						TestTargetID = C1060B1A257FD23D00AAA090;
					};
					C1060B3B257FD25700AAA090 = {
						CreatedOnToolsVersion = 12.2;
						TestTargetID = C1060B1A257FD23D00AAA090;
					};
				};
			};
			buildConfigurationList = C1060B16257FD23D00AAA090 /* Build configuration list for PBXProject "TeacherConnection" */;
			compatibilityVersion = "Xcode 9.3";
			developmentRegion = en;
			hasScannedForEncodings = 0;
			knownRegions = (
				en,
				Base,
			);
			mainGroup = C1060B12257FD23D00AAA090;
			productRefGroup = C1060B1C257FD23D00AAA090 /* Products */;
			projectDirPath = "";
			projectRoot = "";
			targets = (
				C1060B1A257FD23D00AAA090 /* TeacherConnection */,
				C1060B30257FD25700AAA090 /* TeacherConnectionTests */,
				C1060B3B257FD25700AAA090 /* TeacherConnectionUITests */,
			);
		};
/* End PBXProject section */

/* Begin PBXResourcesBuildPhase section */
		C1060B19257FD23D00AAA090 /* Resources */ = {
			isa = PBXResourcesBuildPhase;
			buildActionMask = 2147483647;
			files = (
				C1060B2B257FD25600AAA090 /* LaunchScreen.storyboard in Resources */,
				C1060B28257FD25600AAA090 /* Assets.xcassets in Resources */,
				C1060B26257FD23D00AAA090 /* Main.storyboard in Resources */,
			);
			runOnlyForDeploymentPostprocessing = 0;
		};
		C1060B2F257FD25700AAA090 /* Resources */ = {
			isa = PBXResourcesBuildPhase;
			buildActionMask = 2147483647;
			files = (
			);
			runOnlyForDeploymentPostprocessing = 0;
		};
		C1060B3A257FD25700AAA090 /* Resources */ = {
			isa = PBXResourcesBuildPhase;
			buildActionMask = 2147483647;
			files = (
			);
			runOnlyForDeploymentPostprocessing = 0;
		};
/* End PBXResourcesBuildPhase section */

/* Begin PBXSourcesBuildPhase section */
		C1060B17257FD23D00AAA090 /* Sources */ = {
			isa = PBXSourcesBuildPhase;
			buildActionMask = 2147483647;
			files = (
				C1060B23257FD23D00AAA090 /* ViewController.swift in Sources */,
				C1060B52257FE14C00AAA090 /* PeopleViewController.swift in Sources */,
				C1060B1F257FD23D00AAA090 /* AppDelegate.swift in Sources */,
				C1060B21257FD23D00AAA090 /* SceneDelegate.swift in Sources */,
			);
			runOnlyForDeploymentPostprocessing = 0;
		};
		C1060B2D257FD25700AAA090 /* Sources */ = {
			isa = PBXSourcesBuildPhase;
			buildActionMask = 2147483647;
			files = (
				C1060B36257FD25700AAA090 /* TeacherConnectionTests.swift in Sources */,
			);
			runOnlyForDeploymentPostprocessing = 0;
		};
		C1060B38257FD25700AAA090 /* Sources */ = {
			isa = PBXSourcesBuildPhase;
			buildActionMask = 2147483647;
			files = (
				C1060B41257FD25700AAA090 /* TeacherConnectionUITests.swift in Sources */,
			);
			runOnlyForDeploymentPostprocessing = 0;
		};
/* End PBXSourcesBuildPhase section */

/* Begin PBXTargetDependency section */
		C1060B33257FD25700AAA090 /* PBXTargetDependency */ = {
			isa = PBXTargetDependency;
			target = C1060B1A257FD23D00AAA090 /* TeacherConnection */;
			targetProxy = C1060B32257FD25700AAA090 /* PBXContainerItemProxy */;
		};
		C1060B3E257FD25700AAA090 /* PBXTargetDependency */ = {
			isa = PBXTargetDependency;
			target = C1060B1A257FD23D00AAA090 /* TeacherConnection */;
			targetProxy = C1060B3D257FD25700AAA090 /* PBXContainerItemProxy */;
		};
/* End PBXTargetDependency section */

/* Begin PBXVariantGroup section */
		C1060B24257FD23D00AAA090 /* Main.storyboard */ = {
			isa = PBXVariantGroup;
			children = (
				C1060B25257FD23D00AAA090 /* Base */,
			);
			name = Main.storyboard;
			sourceTree = "<group>";
		};
		C1060B29257FD25600AAA090 /* LaunchScreen.storyboard */ = {
			isa = PBXVariantGroup;
			children = (
				C1060B2A257FD25600AAA090 /* Base */,
			);
			name = LaunchScreen.storyboard;
			sourceTree = "<group>";
		};
/* End PBXVariantGroup section */

/* Begin XCBuildConfiguration section */
		C1060B43257FD25700AAA090 /* Debug */ = {
			isa = XCBuildConfiguration;
			buildSettings = {
				ALWAYS_SEARCH_USER_PATHS = NO;
				CLANG_ANALYZER_NONNULL = YES;
				CLANG_ANALYZER_NUMBER_OBJECT_CONVERSION = YES_AGGRESSIVE;
				CLANG_CXX_LANGUAGE_STANDARD = "gnu++14";
				CLANG_CXX_LIBRARY = "libc++";
				CLANG_ENABLE_MODULES = YES;
				CLANG_ENABLE_OBJC_ARC = YES;
				CLANG_ENABLE_OBJC_WEAK = YES;
				CLANG_WARN_BLOCK_CAPTURE_AUTORELEASING = YES;
				CLANG_WARN_BOOL_CONVERSION = YES;
				CLANG_WARN_COMMA = YES;
				CLANG_WARN_CONSTANT_CONVERSION = YES;
				CLANG_WARN_DEPRECATED_OBJC_IMPLEMENTATIONS = YES;
				CLANG_WARN_DIRECT_OBJC_ISA_USAGE = YES_ERROR;
				CLANG_WARN_DOCUMENTATION_COMMENTS = YES;
				CLANG_WARN_EMPTY_BODY = YES;
				CLANG_WARN_ENUM_CONVERSION = YES;
				CLANG_WARN_INFINITE_RECURSION = YES;
				CLANG_WARN_INT_CONVERSION = YES;
				CLANG_WARN_NON_LITERAL_NULL_CONVERSION = YES;
				CLANG_WARN_OBJC_IMPLICIT_RETAIN_SELF = YES;
				CLANG_WARN_OBJC_LITERAL_CONVERSION = YES;
				CLANG_WARN_OBJC_ROOT_CLASS = YES_ERROR;
				CLANG_WARN_QUOTED_INCLUDE_IN_FRAMEWORK_HEADER = YES;
				CLANG_WARN_RANGE_LOOP_ANALYSIS = YES;
				CLANG_WARN_STRICT_PROTOTYPES = YES;
				CLANG_WARN_SUSPICIOUS_MOVE = YES;
				CLANG_WARN_UNGUARDED_AVAILABILITY = YES_AGGRESSIVE;
				CLANG_WARN_UNREACHABLE_CODE = YES;
				CLANG_WARN__DUPLICATE_METHOD_MATCH = YES;
				COPY_PHASE_STRIP = NO;
				DEBUG_INFORMATION_FORMAT = dwarf;
				ENABLE_STRICT_OBJC_MSGSEND = YES;
				ENABLE_TESTABILITY = YES;
				GCC_C_LANGUAGE_STANDARD = gnu11;
				GCC_DYNAMIC_NO_PIC = NO;
				GCC_NO_COMMON_BLOCKS = YES;
				GCC_OPTIMIZATION_LEVEL = 0;
				GCC_PREPROCESSOR_DEFINITIONS = (
					"DEBUG=1",
					"$(inherited)",
				);
				GCC_WARN_64_TO_32_BIT_CONVERSION = YES;
				GCC_WARN_ABOUT_RETURN_TYPE = YES_ERROR;
				GCC_WARN_UNDECLARED_SELECTOR = YES;
				GCC_WARN_UNINITIALIZED_AUTOS = YES_AGGRESSIVE;
				GCC_WARN_UNUSED_FUNCTION = YES;
				GCC_WARN_UNUSED_VARIABLE = YES;
				IPHONEOS_DEPLOYMENT_TARGET = 14.2;
				MTL_ENABLE_DEBUG_INFO = INCLUDE_SOURCE;
				MTL_FAST_MATH = YES;
				ONLY_ACTIVE_ARCH = YES;
				SDKROOT = iphoneos;
				SWIFT_ACTIVE_COMPILATION_CONDITIONS = DEBUG;
				SWIFT_OPTIMIZATION_LEVEL = "-Onone";
			};
			name = Debug;
		};
		C1060B44257FD25700AAA090 /* Release */ = {
			isa = XCBuildConfiguration;
			buildSettings = {
				ALWAYS_SEARCH_USER_PATHS = NO;
				CLANG_ANALYZER_NONNULL = YES;
				CLANG_ANALYZER_NUMBER_OBJECT_CONVERSION = YES_AGGRESSIVE;
				CLANG_CXX_LANGUAGE_STANDARD = "gnu++14";
				CLANG_CXX_LIBRARY = "libc++";
				CLANG_ENABLE_MODULES = YES;
				CLANG_ENABLE_OBJC_ARC = YES;
				CLANG_ENABLE_OBJC_WEAK = YES;
				CLANG_WARN_BLOCK_CAPTURE_AUTORELEASING = YES;
				CLANG_WARN_BOOL_CONVERSION = YES;
				CLANG_WARN_COMMA = YES;
				CLANG_WARN_CONSTANT_CONVERSION = YES;
				CLANG_WARN_DEPRECATED_OBJC_IMPLEMENTATIONS = YES;
				CLANG_WARN_DIRECT_OBJC_ISA_USAGE = YES_ERROR;
				CLANG_WARN_DOCUMENTATION_COMMENTS = YES;
				CLANG_WARN_EMPTY_BODY = YES;
				CLANG_WARN_ENUM_CONVERSION = YES;
				CLANG_WARN_INFINITE_RECURSION = YES;
				CLANG_WARN_INT_CONVERSION = YES;
				CLANG_WARN_NON_LITERAL_NULL_CONVERSION = YES;
				CLANG_WARN_OBJC_IMPLICIT_RETAIN_SELF = YES;
				CLANG_WARN_OBJC_LITERAL_CONVERSION = YES;
				CLANG_WARN_OBJC_ROOT_CLASS = YES_ERROR;
				CLANG_WARN_QUOTED_INCLUDE_IN_FRAMEWORK_HEADER = YES;
				CLANG_WARN_RANGE_LOOP_ANALYSIS = YES;
				CLANG_WARN_STRICT_PROTOTYPES = YES;
				CLANG_WARN_SUSPICIOUS_MOVE = YES;
				CLANG_WARN_UNGUARDED_AVAILABILITY = YES_AGGRESSIVE;
				CLANG_WARN_UNREACHABLE_CODE = YES;
				CLANG_WARN__DUPLICATE_METHOD_MATCH = YES;
				COPY_PHASE_STRIP = NO;
				DEBUG_INFORMATION_FORMAT = "dwarf-with-dsym";
				ENABLE_NS_ASSERTIONS = NO;
				ENABLE_STRICT_OBJC_MSGSEND = YES;
				GCC_C_LANGUAGE_STANDARD = gnu11;
				GCC_NO_COMMON_BLOCKS = YES;
				GCC_WARN_64_TO_32_BIT_CONVERSION = YES;
				GCC_WARN_ABOUT_RETURN_TYPE = YES_ERROR;
				GCC_WARN_UNDECLARED_SELECTOR = YES;
				GCC_WARN_UNINITIALIZED_AUTOS = YES_AGGRESSIVE;
				GCC_WARN_UNUSED_FUNCTION = YES;
				GCC_WARN_UNUSED_VARIABLE = YES;
				IPHONEOS_DEPLOYMENT_TARGET = 14.2;
				MTL_ENABLE_DEBUG_INFO = NO;
				MTL_FAST_MATH = YES;
				SDKROOT = iphoneos;
				SWIFT_COMPILATION_MODE = wholemodule;
				SWIFT_OPTIMIZATION_LEVEL = "-O";
				VALIDATE_PRODUCT = YES;
			};
			name = Release;
		};
		C1060B46257FD25700AAA090 /* Debug */ = {
			isa = XCBuildConfiguration;
			buildSettings = {
				ASSETCATALOG_COMPILER_APPICON_NAME = AppIcon;
				ASSETCATALOG_COMPILER_GLOBAL_ACCENT_COLOR_NAME = AccentColor;
				CODE_SIGN_STYLE = Automatic;
				DEVELOPMENT_TEAM = W9L9NLQ7D9;
				INFOPLIST_FILE = TeacherConnection/Info.plist;
				LD_RUNPATH_SEARCH_PATHS = (
					"$(inherited)",
					"@executable_path/Frameworks",
				);
				PRODUCT_BUNDLE_IDENTIFIER = "mw.waspo-gmail.com.TeacherConnection";
				PRODUCT_NAME = "$(TARGET_NAME)";
				SWIFT_VERSION = 5.0;
				TARGETED_DEVICE_FAMILY = "1,2";
			};
			name = Debug;
		};
		C1060B47257FD25700AAA090 /* Release */ = {
			isa = XCBuildConfiguration;
			buildSettings = {
				ASSETCATALOG_COMPILER_APPICON_NAME = AppIcon;
				ASSETCATALOG_COMPILER_GLOBAL_ACCENT_COLOR_NAME = AccentColor;
				CODE_SIGN_STYLE = Automatic;
				DEVELOPMENT_TEAM = W9L9NLQ7D9;
				INFOPLIST_FILE = TeacherConnection/Info.plist;
				LD_RUNPATH_SEARCH_PATHS = (
					"$(inherited)",
					"@executable_path/Frameworks",
				);
				PRODUCT_BUNDLE_IDENTIFIER = "mw.waspo-gmail.com.TeacherConnection";
				PRODUCT_NAME = "$(TARGET_NAME)";
				SWIFT_VERSION = 5.0;
				TARGETED_DEVICE_FAMILY = "1,2";
			};
			name = Release;
		};
		C1060B49257FD25700AAA090 /* Debug */ = {
			isa = XCBuildConfiguration;
			buildSettings = {
				ALWAYS_EMBED_SWIFT_STANDARD_LIBRARIES = YES;
				BUNDLE_LOADER = "$(TEST_HOST)";
				CODE_SIGN_STYLE = Automatic;
				DEVELOPMENT_TEAM = W9L9NLQ7D9;
				INFOPLIST_FILE = TeacherConnectionTests/Info.plist;
				IPHONEOS_DEPLOYMENT_TARGET = 14.2;
				LD_RUNPATH_SEARCH_PATHS = (
					"$(inherited)",
					"@executable_path/Frameworks",
					"@loader_path/Frameworks",
				);
				PRODUCT_BUNDLE_IDENTIFIER = "mw.waspo-gmail.com.TeacherConnectionTests";
				PRODUCT_NAME = "$(TARGET_NAME)";
				SWIFT_VERSION = 5.0;
				TARGETED_DEVICE_FAMILY = "1,2";
				TEST_HOST = "$(BUILT_PRODUCTS_DIR)/TeacherConnection.app/TeacherConnection";
			};
			name = Debug;
		};
		C1060B4A257FD25700AAA090 /* Release */ = {
			isa = XCBuildConfiguration;
			buildSettings = {
				ALWAYS_EMBED_SWIFT_STANDARD_LIBRARIES = YES;
				BUNDLE_LOADER = "$(TEST_HOST)";
				CODE_SIGN_STYLE = Automatic;
				DEVELOPMENT_TEAM = W9L9NLQ7D9;
				INFOPLIST_FILE = TeacherConnectionTests/Info.plist;
				IPHONEOS_DEPLOYMENT_TARGET = 14.2;
				LD_RUNPATH_SEARCH_PATHS = (
					"$(inherited)",
					"@executable_path/Frameworks",
					"@loader_path/Frameworks",
				);
				PRODUCT_BUNDLE_IDENTIFIER = "mw.waspo-gmail.com.TeacherConnectionTests";
				PRODUCT_NAME = "$(TARGET_NAME)";
				SWIFT_VERSION = 5.0;
				TARGETED_DEVICE_FAMILY = "1,2";
				TEST_HOST = "$(BUILT_PRODUCTS_DIR)/TeacherConnection.app/TeacherConnection";
			};
			name = Release;
		};
		C1060B4C257FD25700AAA090 /* Debug */ = {
			isa = XCBuildConfiguration;
			buildSettings = {
				ALWAYS_EMBED_SWIFT_STANDARD_LIBRARIES = YES;
				CODE_SIGN_STYLE = Automatic;
				DEVELOPMENT_TEAM = W9L9NLQ7D9;
				INFOPLIST_FILE = TeacherConnectionUITests/Info.plist;
				LD_RUNPATH_SEARCH_PATHS = (
					"$(inherited)",
					"@executable_path/Frameworks",
					"@loader_path/Frameworks",
				);
				PRODUCT_BUNDLE_IDENTIFIER = "mw.waspo-gmail.com.TeacherConnectionUITests";
				PRODUCT_NAME = "$(TARGET_NAME)";
				SWIFT_VERSION = 5.0;
				TARGETED_DEVICE_FAMILY = "1,2";
				TEST_TARGET_NAME = TeacherConnection;
			};
			name = Debug;
		};
		C1060B4D257FD25700AAA090 /* Release */ = {
			isa = XCBuildConfiguration;
			buildSettings = {
				ALWAYS_EMBED_SWIFT_STANDARD_LIBRARIES = YES;
				CODE_SIGN_STYLE = Automatic;
				DEVELOPMENT_TEAM = W9L9NLQ7D9;
				INFOPLIST_FILE = TeacherConnectionUITests/Info.plist;
				LD_RUNPATH_SEARCH_PATHS = (
					"$(inherited)",
					"@executable_path/Frameworks",
					"@loader_path/Frameworks",
				);
				PRODUCT_BUNDLE_IDENTIFIER = "mw.waspo-gmail.com.TeacherConnectionUITests";
				PRODUCT_NAME = "$(TARGET_NAME)";
				SWIFT_VERSION = 5.0;
				TARGETED_DEVICE_FAMILY = "1,2";
				TEST_TARGET_NAME = TeacherConnection;
			};
			name = Release;
		};
/* End XCBuildConfiguration section */

/* Begin XCConfigurationList section */
		C1060B16257FD23D00AAA090 /* Build configuration list for PBXProject "TeacherConnection" */ = {
			isa = XCConfigurationList;
			buildConfigurations = (
				C1060B43257FD25700AAA090 /* Debug */,
				C1060B44257FD25700AAA090 /* Release */,
			);
			defaultConfigurationIsVisible = 0;
			defaultConfigurationName = Release;
		};
		C1060B45257FD25700AAA090 /* Build configuration list for PBXNativeTarget "TeacherConnection" */ = {
			isa = XCConfigurationList;
			buildConfigurations = (
				C1060B46257FD25700AAA090 /* Debug */,
				C1060B47257FD25700AAA090 /* Release */,
			);
			defaultConfigurationIsVisible = 0;
			defaultConfigurationName = Release;
		};
		C1060B48257FD25700AAA090 /* Build configuration list for PBXNativeTarget "TeacherConnectionTests" */ = {
			isa = XCConfigurationList;
			buildConfigurations = (
				C1060B49257FD25700AAA090 /* Debug */,
				C1060B4A257FD25700AAA090 /* Release */,
			);
			defaultConfigurationIsVisible = 0;
			defaultConfigurationName = Release;
		};
		C1060B4B257FD25700AAA090 /* Build configuration list for PBXNativeTarget "TeacherConnectionUITests" */ = {
			isa = XCConfigurationList;
			buildConfigurations = (
				C1060B4C257FD25700AAA090 /* Debug */,
				C1060B4D257FD25700AAA090 /* Release */,
			);
			defaultConfigurationIsVisible = 0;
			defaultConfigurationName = Release;
		};
/* End XCConfigurationList section */
	};
	rootObject = C1060B13257FD23D00AAA090 /* Project object */;
}
